// !$*UTF8*$!
{
	archiveVersion = 1;
	classes = {
	};
	objectVersion = 46;
	objects = {

/* Begin PBXBuildFile section */
		8B2252051A6EDA3B00B0F13D /* SourceViewController.swift in Sources */ = {isa = PBXBuildFile; fileRef = 8B2252041A6EDA3B00B0F13D /* SourceViewController.swift */; };
		8BE6BE831A20DBE500E6738D /* AppDelegate.swift in Sources */ = {isa = PBXBuildFile; fileRef = 8BE6BE821A20DBE500E6738D /* AppDelegate.swift */; };
		8BE6BE881A20DBE500E6738D /* Main.storyboard in Resources */ = {isa = PBXBuildFile; fileRef = 8BE6BE861A20DBE500E6738D /* Main.storyboard */; };
		8BE6BE8A1A20DBE500E6738D /* Images.xcassets in Resources */ = {isa = PBXBuildFile; fileRef = 8BE6BE891A20DBE500E6738D /* Images.xcassets */; };
		8BE6BE8D1A20DBE500E6738D /* LaunchScreen.xib in Resources */ = {isa = PBXBuildFile; fileRef = 8BE6BE8B1A20DBE500E6738D /* LaunchScreen.xib */; };
		8BE6BE991A20DBE500E6738D /* TransitionsPlaygroundTests.swift in Sources */ = {isa = PBXBuildFile; fileRef = 8BE6BE981A20DBE500E6738D /* TransitionsPlaygroundTests.swift */; };
		8BE6BEA51A20DD6D00E6738D /* SourceTableViewController.swift in Sources */ = {isa = PBXBuildFile; fileRef = 8BE6BEA41A20DD6D00E6738D /* SourceTableViewController.swift */; };
		8BE6BEA91A20F3A300E6738D /* DestinationViewController.swift in Sources */ = {isa = PBXBuildFile; fileRef = 8BE6BEA81A20F3A300E6738D /* DestinationViewController.swift */; };
		8BE6BEAF1A215C3400E6738D /* AETransitioning.swift in Sources */ = {isa = PBXBuildFile; fileRef = 8BE6BEAE1A215C3400E6738D /* AETransitioning.swift */; };
/* End PBXBuildFile section */

/* Begin PBXContainerItemProxy section */
		8BE6BE931A20DBE500E6738D /* PBXContainerItemProxy */ = {
			isa = PBXContainerItemProxy;
			containerPortal = 8BE6BE751A20DBE500E6738D /* Project object */;
			proxyType = 1;
			remoteGlobalIDString = 8BE6BE7C1A20DBE500E6738D;
			remoteInfo = TransitionsPlayground;
		};
/* End PBXContainerItemProxy section */

/* Begin PBXFileReference section */
		8B2252041A6EDA3B00B0F13D /* SourceViewController.swift */ = {isa = PBXFileReference; fileEncoding = 4; lastKnownFileType = sourcecode.swift; path = SourceViewController.swift; sourceTree = "<group>"; };
		8BE6BE7D1A20DBE500E6738D /* TransitionsPlayground.app */ = {isa = PBXFileReference; explicitFileType = wrapper.application; includeInIndex = 0; path = TransitionsPlayground.app; sourceTree = BUILT_PRODUCTS_DIR; };
		8BE6BE811A20DBE500E6738D /* Info.plist */ = {isa = PBXFileReference; lastKnownFileType = text.plist.xml; path = Info.plist; sourceTree = "<group>"; };
		8BE6BE821A20DBE500E6738D /* AppDelegate.swift */ = {isa = PBXFileReference; lastKnownFileType = sourcecode.swift; path = AppDelegate.swift; sourceTree = "<group>"; };
		8BE6BE871A20DBE500E6738D /* Base */ = {isa = PBXFileReference; lastKnownFileType = file.storyboard; name = Base; path = Base.lproj/Main.storyboard; sourceTree = "<group>"; };
		8BE6BE891A20DBE500E6738D /* Images.xcassets */ = {isa = PBXFileReference; lastKnownFileType = folder.assetcatalog; path = Images.xcassets; sourceTree = "<group>"; };
		8BE6BE8C1A20DBE500E6738D /* Base */ = {isa = PBXFileReference; lastKnownFileType = file.xib; name = Base; path = Base.lproj/LaunchScreen.xib; sourceTree = "<group>"; };
		8BE6BE921A20DBE500E6738D /* TransitionsPlaygroundTests.xctest */ = {isa = PBXFileReference; explicitFileType = wrapper.cfbundle; includeInIndex = 0; path = TransitionsPlaygroundTests.xctest; sourceTree = BUILT_PRODUCTS_DIR; };
		8BE6BE971A20DBE500E6738D /* Info.plist */ = {isa = PBXFileReference; lastKnownFileType = text.plist.xml; path = Info.plist; sourceTree = "<group>"; };
		8BE6BE981A20DBE500E6738D /* TransitionsPlaygroundTests.swift */ = {isa = PBXFileReference; lastKnownFileType = sourcecode.swift; path = TransitionsPlaygroundTests.swift; sourceTree = "<group>"; };
		8BE6BEA41A20DD6D00E6738D /* SourceTableViewController.swift */ = {isa = PBXFileReference; fileEncoding = 4; lastKnownFileType = sourcecode.swift; path = SourceTableViewController.swift; sourceTree = "<group>"; };
		8BE6BEA81A20F3A300E6738D /* DestinationViewController.swift */ = {isa = PBXFileReference; fileEncoding = 4; lastKnownFileType = sourcecode.swift; path = DestinationViewController.swift; sourceTree = "<group>"; };
		8BE6BEAE1A215C3400E6738D /* AETransitioning.swift */ = {isa = PBXFileReference; fileEncoding = 4; lastKnownFileType = sourcecode.swift; path = AETransitioning.swift; sourceTree = "<group>"; };
/* End PBXFileReference section */

/* Begin PBXFrameworksBuildPhase section */
		8BE6BE7A1A20DBE500E6738D /* Frameworks */ = {
			isa = PBXFrameworksBuildPhase;
			buildActionMask = 2147483647;
			files = (
			);
			runOnlyForDeploymentPostprocessing = 0;
		};
		8BE6BE8F1A20DBE500E6738D /* Frameworks */ = {
			isa = PBXFrameworksBuildPhase;
			buildActionMask = 2147483647;
			files = (
			);
			runOnlyForDeploymentPostprocessing = 0;
		};
/* End PBXFrameworksBuildPhase section */

/* Begin PBXGroup section */
		8BE6BE741A20DBE500E6738D = {
			isa = PBXGroup;
			children = (
				8BE6BE7F1A20DBE500E6738D /* TransitionsPlayground */,
				8BE6BE951A20DBE500E6738D /* TransitionsPlaygroundTests */,
				8BE6BE7E1A20DBE500E6738D /* Products */,
			);
			sourceTree = "<group>";
		};
		8BE6BE7E1A20DBE500E6738D /* Products */ = {
			isa = PBXGroup;
			children = (
				8BE6BE7D1A20DBE500E6738D /* TransitionsPlayground.app */,
				8BE6BE921A20DBE500E6738D /* TransitionsPlaygroundTests.xctest */,
			);
			name = Products;
			sourceTree = "<group>";
		};
		8BE6BE7F1A20DBE500E6738D /* TransitionsPlayground */ = {
			isa = PBXGroup;
			children = (
				8BE6BE821A20DBE500E6738D /* AppDelegate.swift */,
				8BE6BEAE1A215C3400E6738D /* AETransitioning.swift */,
				8B2252041A6EDA3B00B0F13D /* SourceViewController.swift */,
				8BE6BEA41A20DD6D00E6738D /* SourceTableViewController.swift */,
				8BE6BEA81A20F3A300E6738D /* DestinationViewController.swift */,
				8BE6BE861A20DBE500E6738D /* Main.storyboard */,
				8BE6BE891A20DBE500E6738D /* Images.xcassets */,
				8BE6BE8B1A20DBE500E6738D /* LaunchScreen.xib */,
				8BE6BE801A20DBE500E6738D /* Supporting Files */,
			);
			path = TransitionsPlayground;
			sourceTree = "<group>";
		};
		8BE6BE801A20DBE500E6738D /* Supporting Files */ = {
			isa = PBXGroup;
			children = (
				8BE6BE811A20DBE500E6738D /* Info.plist */,
			);
			name = "Supporting Files";
			sourceTree = "<group>";
		};
		8BE6BE951A20DBE500E6738D /* TransitionsPlaygroundTests */ = {
			isa = PBXGroup;
			children = (
				8BE6BE981A20DBE500E6738D /* TransitionsPlaygroundTests.swift */,
				8BE6BE961A20DBE500E6738D /* Supporting Files */,
			);
			path = TransitionsPlaygroundTests;
			sourceTree = "<group>";
		};
		8BE6BE961A20DBE500E6738D /* Supporting Files */ = {
			isa = PBXGroup;
			children = (
				8BE6BE971A20DBE500E6738D /* Info.plist */,
			);
			name = "Supporting Files";
			sourceTree = "<group>";
		};
/* End PBXGroup section */

/* Begin PBXNativeTarget section */
		8BE6BE7C1A20DBE500E6738D /* TransitionsPlayground */ = {
			isa = PBXNativeTarget;
			buildConfigurationList = 8BE6BE9C1A20DBE500E6738D /* Build configuration list for PBXNativeTarget "TransitionsPlayground" */;
			buildPhases = (
				8BE6BE791A20DBE500E6738D /* Sources */,
				8BE6BE7A1A20DBE500E6738D /* Frameworks */,
				8BE6BE7B1A20DBE500E6738D /* Resources */,
			);
			buildRules = (
			);
			dependencies = (
			);
			name = TransitionsPlayground;
			productName = TransitionsPlayground;
			productReference = 8BE6BE7D1A20DBE500E6738D /* TransitionsPlayground.app */;
			productType = "com.apple.product-type.application";
		};
		8BE6BE911A20DBE500E6738D /* TransitionsPlaygroundTests */ = {
			isa = PBXNativeTarget;
			buildConfigurationList = 8BE6BE9F1A20DBE500E6738D /* Build configuration list for PBXNativeTarget "TransitionsPlaygroundTests" */;
			buildPhases = (
				8BE6BE8E1A20DBE500E6738D /* Sources */,
				8BE6BE8F1A20DBE500E6738D /* Frameworks */,
				8BE6BE901A20DBE500E6738D /* Resources */,
			);
			buildRules = (
			);
			dependencies = (
				8BE6BE941A20DBE500E6738D /* PBXTargetDependency */,
			);
			name = TransitionsPlaygroundTests;
			productName = TransitionsPlaygroundTests;
			productReference = 8BE6BE921A20DBE500E6738D /* TransitionsPlaygroundTests.xctest */;
			productType = "com.apple.product-type.bundle.unit-test";
		};
/* End PBXNativeTarget section */

/* Begin PBXProject section */
		8BE6BE751A20DBE500E6738D /* Project object */ = {
			isa = PBXProject;
			attributes = {
				LastSwiftUpdateCheck = 0710;
				LastUpgradeCheck = 0610;
				ORGANIZATIONNAME = AE;
				TargetAttributes = {
					8BE6BE7C1A20DBE500E6738D = {
						CreatedOnToolsVersion = 6.1;
					};
					8BE6BE911A20DBE500E6738D = {
						CreatedOnToolsVersion = 6.1;
						TestTargetID = 8BE6BE7C1A20DBE500E6738D;
					};
				};
			};
			buildConfigurationList = 8BE6BE781A20DBE500E6738D /* Build configuration list for PBXProject "TransitionsPlayground" */;
			compatibilityVersion = "Xcode 3.2";
			developmentRegion = English;
			hasScannedForEncodings = 0;
			knownRegions = (
				en,
				Base,
			);
			mainGroup = 8BE6BE741A20DBE500E6738D;
			productRefGroup = 8BE6BE7E1A20DBE500E6738D /* Products */;
			projectDirPath = "";
			projectRoot = "";
			targets = (
				8BE6BE7C1A20DBE500E6738D /* TransitionsPlayground */,
				8BE6BE911A20DBE500E6738D /* TransitionsPlaygroundTests */,
			);
		};
/* End PBXProject section */

/* Begin PBXResourcesBuildPhase section */
		8BE6BE7B1A20DBE500E6738D /* Resources */ = {
			isa = PBXResourcesBuildPhase;
			buildActionMask = 2147483647;
			files = (
				8BE6BE881A20DBE500E6738D /* Main.storyboard in Resources */,
				8BE6BE8D1A20DBE500E6738D /* LaunchScreen.xib in Resources */,
				8BE6BE8A1A20DBE500E6738D /* Images.xcassets in Resources */,
			);
			runOnlyForDeploymentPostprocessing = 0;
		};
		8BE6BE901A20DBE500E6738D /* Resources */ = {
			isa = PBXResourcesBuildPhase;
			buildActionMask = 2147483647;
			files = (
			);
			runOnlyForDeploymentPostprocessing = 0;
		};
/* End PBXResourcesBuildPhase section */

/* Begin PBXSourcesBuildPhase section */
		8BE6BE791A20DBE500E6738D /* Sources */ = {
			isa = PBXSourcesBuildPhase;
			buildActionMask = 2147483647;
			files = (
				8B2252051A6EDA3B00B0F13D /* SourceViewController.swift in Sources */,
				8BE6BE831A20DBE500E6738D /* AppDelegate.swift in Sources */,
				8BE6BEAF1A215C3400E6738D /* AETransitioning.swift in Sources */,
				8BE6BEA91A20F3A300E6738D /* DestinationViewController.swift in Sources */,
				8BE6BEA51A20DD6D00E6738D /* SourceTableViewController.swift in Sources */,
			);
			runOnlyForDeploymentPostprocessing = 0;
		};
		8BE6BE8E1A20DBE500E6738D /* Sources */ = {
			isa = PBXSourcesBuildPhase;
			buildActionMask = 2147483647;
			files = (
				8BE6BE991A20DBE500E6738D /* TransitionsPlaygroundTests.swift in Sources */,
			);
			runOnlyForDeploymentPostprocessing = 0;
		};
/* End PBXSourcesBuildPhase section */

/* Begin PBXTargetDependency section */
		8BE6BE941A20DBE500E6738D /* PBXTargetDependency */ = {
			isa = PBXTargetDependency;
			target = 8BE6BE7C1A20DBE500E6738D /* TransitionsPlayground */;
			targetProxy = 8BE6BE931A20DBE500E6738D /* PBXContainerItemProxy */;
		};
/* End PBXTargetDependency section */

/* Begin PBXVariantGroup section */
		8BE6BE861A20DBE500E6738D /* Main.storyboard */ = {
			isa = PBXVariantGroup;
			children = (
				8BE6BE871A20DBE500E6738D /* Base */,
			);
			name = Main.storyboard;
			sourceTree = "<group>";
		};
		8BE6BE8B1A20DBE500E6738D /* LaunchScreen.xib */ = {
			isa = PBXVariantGroup;
			children = (
				8BE6BE8C1A20DBE500E6738D /* Base */,
			);
			name = LaunchScreen.xib;
			sourceTree = "<group>";
		};
/* End PBXVariantGroup section */

/* Begin XCBuildConfiguration section */
		8BE6BE9A1A20DBE500E6738D /* Debug */ = {
			isa = XCBuildConfiguration;
			buildSettings = {
				ALWAYS_SEARCH_USER_PATHS = NO;
				CLANG_CXX_LANGUAGE_STANDARD = "gnu++0x";
				CLANG_CXX_LIBRARY = "libc++";
				CLANG_ENABLE_MODULES = YES;
				CLANG_ENABLE_OBJC_ARC = YES;
				CLANG_WARN_BOOL_CONVERSION = YES;
				CLANG_WARN_CONSTANT_CONVERSION = YES;
				CLANG_WARN_DIRECT_OBJC_ISA_USAGE = YES_ERROR;
				CLANG_WARN_EMPTY_BODY = YES;
				CLANG_WARN_ENUM_CONVERSION = YES;
				CLANG_WARN_INT_CONVERSION = YES;
				CLANG_WARN_OBJC_ROOT_CLASS = YES_ERROR;
				CLANG_WARN_UNREACHABLE_CODE = YES;
				CLANG_WARN__DUPLICATE_METHOD_MATCH = YES;
				"CODE_SIGN_IDENTITY[sdk=iphoneos*]" = "iPhone Developer";
				COPY_PHASE_STRIP = NO;
				ENABLE_STRICT_OBJC_MSGSEND = YES;
				GCC_C_LANGUAGE_STANDARD = gnu99;
				GCC_DYNAMIC_NO_PIC = NO;
				GCC_OPTIMIZATION_LEVEL = 0;
				GCC_PREPROCESSOR_DEFINITIONS = (
					"DEBUG=1",
					"$(inherited)",
				);
				GCC_SYMBOLS_PRIVATE_EXTERN = NO;
				GCC_WARN_64_TO_32_BIT_CONVERSION = YES;
				GCC_WARN_ABOUT_RETURN_TYPE = YES_ERROR;
				GCC_WARN_UNDECLARED_SELECTOR = YES;
				GCC_WARN_UNINITIALIZED_AUTOS = YES_AGGRESSIVE;
				GCC_WARN_UNUSED_FUNCTION = YES;
				GCC_WARN_UNUSED_VARIABLE = YES;
				IPHONEOS_DEPLOYMENT_TARGET = 8.1;
				MTL_ENABLE_DEBUG_INFO = YES;
				ONLY_ACTIVE_ARCH = YES;
				SDKROOT = iphoneos;
				SWIFT_OPTIMIZATION_LEVEL = "-Onone";
				TARGETED_DEVICE_FAMILY = "1,2";
			};
			name = Debug;
		};
		8BE6BE9B1A20DBE500E6738D /* Release */ = {
			isa = XCBuildConfiguration;
			buildSettings = {
				ALWAYS_SEARCH_USER_PATHS = NO;
				CLANG_CXX_LANGUAGE_STANDARD = "gnu++0x";
				CLANG_CXX_LIBRARY = "libc++";
				CLANG_ENABLE_MODULES = YES;
				CLANG_ENABLE_OBJC_ARC = YES;
				CLANG_WARN_BOOL_CONVERSION = YES;
				CLANG_WARN_CONSTANT_CONVERSION = YES;
				CLANG_WARN_DIRECT_OBJC_ISA_USAGE = YES_ERROR;
				CLANG_WARN_EMPTY_BODY = YES;
				CLANG_WARN_ENUM_CONVERSION = YES;
				CLANG_WARN_INT_CONVERSION = YES;
				CLANG_WARN_OBJC_ROOT_CLASS = YES_ERROR;
				CLANG_WARN_UNREACHABLE_CODE = YES;
				CLANG_WARN__DUPLICATE_METHOD_MATCH = YES;
				"CODE_SIGN_IDENTITY[sdk=iphoneos*]" = "iPhone Developer";
				COPY_PHASE_STRIP = YES;
				ENABLE_NS_ASSERTIONS = NO;
				ENABLE_STRICT_OBJC_MSGSEND = YES;
				GCC_C_LANGUAGE_STANDARD = gnu99;
				GCC_WARN_64_TO_32_BIT_CONVERSION = YES;
				GCC_WARN_ABOUT_RETURN_TYPE = YES_ERROR;
				GCC_WARN_UNDECLARED_SELECTOR = YES;
				GCC_WARN_UNINITIALIZED_AUTOS = YES_AGGRESSIVE;
				GCC_WARN_UNUSED_FUNCTION = YES;
				GCC_WARN_UNUSED_VARIABLE = YES;
				IPHONEOS_DEPLOYMENT_TARGET = 8.1;
				MTL_ENABLE_DEBUG_INFO = NO;
				SDKROOT = iphoneos;
				TARGETED_DEVICE_FAMILY = "1,2";
				VALIDATE_PRODUCT = YES;
			};
			name = Release;
		};
		8BE6BE9D1A20DBE500E6738D /* Debug */ = {
			isa = XCBuildConfiguration;
			buildSettings = {
				ASSETCATALOG_COMPILER_APPICON_NAME = AppIcon;
				INFOPLIST_FILE = TransitionsPlayground/Info.plist;
				LD_RUNPATH_SEARCH_PATHS = "$(inherited) @executable_path/Frameworks";
				PRODUCT_NAME = "$(TARGET_NAME)";
			};
			name = Debug;
		};
		8BE6BE9E1A20DBE500E6738D /* Release */ = {
			isa = XCBuildConfiguration;
			buildSettings = {
				ASSETCATALOG_COMPILER_APPICON_NAME = AppIcon;
				INFOPLIST_FILE = TransitionsPlayground/Info.plist;
				LD_RUNPATH_SEARCH_PATHS = "$(inherited) @executable_path/Frameworks";
				PRODUCT_NAME = "$(TARGET_NAME)";
			};
			name = Release;
		};
		8BE6BEA01A20DBE500E6738D /* Debug */ = {
			isa = XCBuildConfiguration;
			buildSettings = {
				BUNDLE_LOADER = "$(TEST_HOST)";
				FRAMEWORK_SEARCH_PATHS = (
					"$(SDKROOT)/Developer/Library/Frameworks",
					"$(inherited)",
				);
				GCC_PREPROCESSOR_DEFINITIONS = (
					"DEBUG=1",
					"$(inherited)",
				);
				INFOPLIST_FILE = TransitionsPlaygroundTests/Info.plist;
				LD_RUNPATH_SEARCH_PATHS = "$(inherited) @executable_path/Frameworks @loader_path/Frameworks";
				PRODUCT_NAME = "$(TARGET_NAME)";
				TEST_HOST = "$(BUILT_PRODUCTS_DIR)/TransitionsPlayground.app/TransitionsPlayground";
			};
			name = Debug;
		};
		8BE6BEA11A20DBE500E6738D /* Release */ = {
			isa = XCBuildConfiguration;
			buildSettings = {
				BUNDLE_LOADER = "$(TEST_HOST)";
				FRAMEWORK_SEARCH_PATHS = (
					"$(SDKROOT)/Developer/Library/Frameworks",
					"$(inherited)",
				);
				INFOPLIST_FILE = TransitionsPlaygroundTests/Info.plist;
				LD_RUNPATH_SEARCH_PATHS = "$(inherited) @executable_path/Frameworks @loader_path/Frameworks";
				PRODUCT_NAME = "$(TARGET_NAME)";
				TEST_HOST = "$(BUILT_PRODUCTS_DIR)/TransitionsPlayground.app/TransitionsPlayground";
			};
			name = Release;
		};
/* End XCBuildConfiguration section */

/* Begin XCConfigurationList section */
		8BE6BE781A20DBE500E6738D /* Build configuration list for PBXProject "TransitionsPlayground" */ = {
			isa = XCConfigurationList;
			buildConfigurations = (
				8BE6BE9A1A20DBE500E6738D /* Debug */,
				8BE6BE9B1A20DBE500E6738D /* Release */,
			);
			defaultConfigurationIsVisible = 0;
			defaultConfigurationName = Release;
		};
		8BE6BE9C1A20DBE500E6738D /* Build configuration list for PBXNativeTarget "TransitionsPlayground" */ = {
			isa = XCConfigurationList;
			buildConfigurations = (
				8BE6BE9D1A20DBE500E6738D /* Debug */,
				8BE6BE9E1A20DBE500E6738D /* Release */,
			);
			defaultConfigurationIsVisible = 0;
			defaultConfigurationName = Release;
		};
		8BE6BE9F1A20DBE500E6738D /* Build configuration list for PBXNativeTarget "TransitionsPlaygroundTests" */ = {
			isa = XCConfigurationList;
			buildConfigurations = (
				8BE6BEA01A20DBE500E6738D /* Debug */,
				8BE6BEA11A20DBE500E6738D /* Release */,
			);
			defaultConfigurationIsVisible = 0;
			defaultConfigurationName = Release;
		};
/* End XCConfigurationList section */
	};
	rootObject = 8BE6BE751A20DBE500E6738D /* Project object */;
}
